
Microsoft Visual Studio Solution File, Format Version 12.00
# Visual Studio 15
VisualStudioVersion = 15.0.26124.0
MinimumVisualStudioVersion = 15.0.26124.0
Project("{FAE04EC0-301F-11D3-BF4B-00C04F79EFBC}") = "01-ByteBank", "01-ByteBank\01-ByteBank.csproj", "{76469058-3A21-440B-85F5-1D445F354F9F}"
EndProject
Project("{FAE04EC0-301F-11D3-BF4B-00C04F79EFBC}") = "02-ByteBank", "02-ByteBank\02-ByteBank.csproj", "{33B7A264-7DD9-43B5-88C0-C7AF210AD037}"
EndProject
Project("{FAE04EC0-301F-11D3-BF4B-00C04F79EFBC}") = "03-ByteBank", "03-ByteBank\03-ByteBank.csproj", "{522EEF26-7597-4C47-87DC-9DFB7800C75F}"
EndProject
Project("{FAE04EC0-301F-11D3-BF4B-00C04F79EFBC}") = "04-ByteBank", "04-ByteBank\04-ByteBank.csproj", "{BA488C87-2AFA-40D3-86F5-178DCFF7404B}"
EndProject
Global
	GlobalSection(SolutionConfigurationPlatforms) = preSolution
		Debug|Any CPU = Debug|Any CPU
		Debug|x64 = Debug|x64
		Debug|x86 = Debug|x86
		Release|Any CPU = Release|Any CPU
		Release|x64 = Release|x64
		Release|x86 = Release|x86
	EndGlobalSection
	GlobalSection(SolutionProperties) = preSolution
		HideSolutionNode = FALSE
	EndGlobalSection
	GlobalSection(ProjectConfigurationPlatforms) = postSolution
		{76469058-3A21-440B-85F5-1D445F354F9F}.Debug|Any CPU.ActiveCfg = Debug|Any CPU
		{76469058-3A21-440B-85F5-1D445F354F9F}.Debug|Any CPU.Build.0 = Debug|Any CPU
		{76469058-3A21-440B-85F5-1D445F354F9F}.Debug|x64.ActiveCfg = Debug|Any CPU
		{76469058-3A21-440B-85F5-1D445F354F9F}.Debug|x64.Build.0 = Debug|Any CPU
		{76469058-3A21-440B-85F5-1D445F354F9F}.Debug|x86.ActiveCfg = Debug|Any CPU
		{76469058-3A21-440B-85F5-1D445F354F9F}.Debug|x86.Build.0 = Debug|Any CPU
		{76469058-3A21-440B-85F5-1D445F354F9F}.Release|Any CPU.ActiveCfg = Release|Any CPU
		{76469058-3A21-440B-85F5-1D445F354F9F}.Release|Any CPU.Build.0 = Release|Any CPU
		{76469058-3A21-440B-85F5-1D445F354F9F}.Release|x64.ActiveCfg = Release|Any CPU
		{76469058-3A21-440B-85F5-1D445F354F9F}.Release|x64.Build.0 = Release|Any CPU
		{76469058-3A21-440B-85F5-1D445F354F9F}.Release|x86.ActiveCfg = Release|Any CPU
		{76469058-3A21-440B-85F5-1D445F354F9F}.Release|x86.Build.0 = Release|Any CPU
		{33B7A264-7DD9-43B5-88C0-C7AF210AD037}.Debug|Any CPU.ActiveCfg = Debug|Any CPU
		{33B7A264-7DD9-43B5-88C0-C7AF210AD037}.Debug|Any CPU.Build.0 = Debug|Any CPU
		{33B7A264-7DD9-43B5-88C0-C7AF210AD037}.Debug|x64.ActiveCfg = Debug|Any CPU
		{33B7A264-7DD9-43B5-88C0-C7AF210AD037}.Debug|x64.Build.0 = Debug|Any CPU
		{33B7A264-7DD9-43B5-88C0-C7AF210AD037}.Debug|x86.ActiveCfg = Debug|Any CPU
		{33B7A264-7DD9-43B5-88C0-C7AF210AD037}.Debug|x86.Build.0 = Debug|Any CPU
		{33B7A264-7DD9-43B5-88C0-C7AF210AD037}.Release|Any CPU.ActiveCfg = Release|Any CPU
		{33B7A264-7DD9-43B5-88C0-C7AF210AD037}.Release|Any CPU.Build.0 = Release|Any CPU
		{33B7A264-7DD9-43B5-88C0-C7AF210AD037}.Release|x64.ActiveCfg = Release|Any CPU
		{33B7A264-7DD9-43B5-88C0-C7AF210AD037}.Release|x64.Build.0 = Release|Any CPU
		{33B7A264-7DD9-43B5-88C0-C7AF210AD037}.Release|x86.ActiveCfg = Release|Any CPU
		{33B7A264-7DD9-43B5-88C0-C7AF210AD037}.Release|x86.Build.0 = Release|Any CPU
		{522EEF26-7597-4C47-87DC-9DFB7800C75F}.Debug|Any CPU.ActiveCfg = Debug|Any CPU
		{522EEF26-7597-4C47-87DC-9DFB7800C75F}.Debug|Any CPU.Build.0 = Debug|Any CPU
		{522EEF26-7597-4C47-87DC-9DFB7800C75F}.Debug|x64.ActiveCfg = Debug|Any CPU
		{522EEF26-7597-4C47-87DC-9DFB7800C75F}.Debug|x64.Build.0 = Debug|Any CPU
		{522EEF26-7597-4C47-87DC-9DFB7800C75F}.Debug|x86.ActiveCfg = Debug|Any CPU
		{522EEF26-7597-4C47-87DC-9DFB7800C75F}.Debug|x86.Build.0 = Debug|Any CPU
		{522EEF26-7597-4C47-87DC-9DFB7800C75F}.Release|Any CPU.ActiveCfg = Release|Any CPU
		{522EEF26-7597-4C47-87DC-9DFB7800C75F}.Release|Any CPU.Build.0 = Release|Any CPU
		{522EEF26-7597-4C47-87DC-9DFB7800C75F}.Release|x64.ActiveCfg = Release|Any CPU
		{522EEF26-7597-4C47-87DC-9DFB7800C75F}.Release|x64.Build.0 = Release|Any CPU
		{522EEF26-7597-4C47-87DC-9DFB7800C75F}.Release|x86.ActiveCfg = Release|Any CPU
		{522EEF26-7597-4C47-87DC-9DFB7800C75F}.Release|x86.Build.0 = Release|Any CPU
		{BA488C87-2AFA-40D3-86F5-178DCFF7404B}.Debug|Any CPU.ActiveCfg = Debug|Any CPU
		{BA488C87-2AFA-40D3-86F5-178DCFF7404B}.Debug|Any CPU.Build.0 = Debug|Any CPU
		{BA488C87-2AFA-40D3-86F5-178DCFF7404B}.Debug|x64.ActiveCfg = Debug|Any CPU
		{BA488C87-2AFA-40D3-86F5-178DCFF7404B}.Debug|x64.Build.0 = Debug|Any CPU
		{BA488C87-2AFA-40D3-86F5-178DCFF7404B}.Debug|x86.ActiveCfg = Debug|Any CPU
		{BA488C87-2AFA-40D3-86F5-178DCFF7404B}.Debug|x86.Build.0 = Debug|Any CPU
		{BA488C87-2AFA-40D3-86F5-178DCFF7404B}.Release|Any CPU.ActiveCfg = Release|Any CPU
		{BA488C87-2AFA-40D3-86F5-178DCFF7404B}.Release|Any CPU.Build.0 = Release|Any CPU
		{BA488C87-2AFA-40D3-86F5-178DCFF7404B}.Release|x64.ActiveCfg = Release|Any CPU
		{BA488C87-2AFA-40D3-86F5-178DCFF7404B}.Release|x64.Build.0 = Release|Any CPU
		{BA488C87-2AFA-40D3-86F5-178DCFF7404B}.Release|x86.ActiveCfg = Release|Any CPU
		{BA488C87-2AFA-40D3-86F5-178DCFF7404B}.Release|x86.Build.0 = Release|Any CPU
	EndGlobalSection
EndGlobal
