
Microsoft Visual Studio Solution File, Format Version 12.00
# Visual Studio 15
VisualStudioVersion = 15.0.26124.0
MinimumVisualStudioVersion = 15.0.26124.0
Project("{FAE04EC0-301F-11D3-BF4B-00C04F79EFBC}") = "01-PrimeiroProjeto", "01-PrimeiroProjeto\01-PrimeiroProjeto.csproj", "{67673ACB-788A-4B51-B964-EFF04121F28A}"
EndProject
Project("{FAE04EC0-301F-11D3-BF4B-00C04F79EFBC}") = "02-CriandoVariaveis", "02-CriandoVariaveis\02-CriandoVariaveis.csproj", "{BD29CE28-9463-4998-947A-3295F50D5F1B}"
EndProject
Project("{FAE04EC0-301F-11D3-BF4B-00C04F79EFBC}") = "03-CriandoVariaveisPontoFlutuante", "03-CriandoVariaveisPontoFlutuante\03-CriandoVariaveisPontoFlutuante.csproj", "{21FFA723-C977-4000-8BD4-CC3B0D7B14F7}"
EndProject
Project("{FAE04EC0-301F-11D3-BF4B-00C04F79EFBC}") = "04-ConversoesEOutrosTipoNumericos", "04-ConversoesEOutrosTipoNumericos\04-ConversoesEOutrosTipoNumericos.csproj", "{23AB8869-EA0C-4B50-9F2B-14A48A84D56E}"
EndProject
Project("{FAE04EC0-301F-11D3-BF4B-00C04F79EFBC}") = "05-CaracteresETextos", "05-CaracteresETextos\05-CaracteresETextos.csproj", "{E472D1C9-453A-4FFD-A6C7-FDA6E49DC81A}"
EndProject
Global
	GlobalSection(SolutionConfigurationPlatforms) = preSolution
		Debug|Any CPU = Debug|Any CPU
		Debug|x64 = Debug|x64
		Debug|x86 = Debug|x86
		Release|Any CPU = Release|Any CPU
		Release|x64 = Release|x64
		Release|x86 = Release|x86
	EndGlobalSection
	GlobalSection(SolutionProperties) = preSolution
		HideSolutionNode = FALSE
	EndGlobalSection
	GlobalSection(ProjectConfigurationPlatforms) = postSolution
		{67673ACB-788A-4B51-B964-EFF04121F28A}.Debug|Any CPU.ActiveCfg = Debug|Any CPU
		{67673ACB-788A-4B51-B964-EFF04121F28A}.Debug|Any CPU.Build.0 = Debug|Any CPU
		{67673ACB-788A-4B51-B964-EFF04121F28A}.Debug|x64.ActiveCfg = Debug|Any CPU
		{67673ACB-788A-4B51-B964-EFF04121F28A}.Debug|x64.Build.0 = Debug|Any CPU
		{67673ACB-788A-4B51-B964-EFF04121F28A}.Debug|x86.ActiveCfg = Debug|Any CPU
		{67673ACB-788A-4B51-B964-EFF04121F28A}.Debug|x86.Build.0 = Debug|Any CPU
		{67673ACB-788A-4B51-B964-EFF04121F28A}.Release|Any CPU.ActiveCfg = Release|Any CPU
		{67673ACB-788A-4B51-B964-EFF04121F28A}.Release|Any CPU.Build.0 = Release|Any CPU
		{67673ACB-788A-4B51-B964-EFF04121F28A}.Release|x64.ActiveCfg = Release|Any CPU
		{67673ACB-788A-4B51-B964-EFF04121F28A}.Release|x64.Build.0 = Release|Any CPU
		{67673ACB-788A-4B51-B964-EFF04121F28A}.Release|x86.ActiveCfg = Release|Any CPU
		{67673ACB-788A-4B51-B964-EFF04121F28A}.Release|x86.Build.0 = Release|Any CPU
		{BD29CE28-9463-4998-947A-3295F50D5F1B}.Debug|Any CPU.ActiveCfg = Debug|Any CPU
		{BD29CE28-9463-4998-947A-3295F50D5F1B}.Debug|Any CPU.Build.0 = Debug|Any CPU
		{BD29CE28-9463-4998-947A-3295F50D5F1B}.Debug|x64.ActiveCfg = Debug|Any CPU
		{BD29CE28-9463-4998-947A-3295F50D5F1B}.Debug|x64.Build.0 = Debug|Any CPU
		{BD29CE28-9463-4998-947A-3295F50D5F1B}.Debug|x86.ActiveCfg = Debug|Any CPU
		{BD29CE28-9463-4998-947A-3295F50D5F1B}.Debug|x86.Build.0 = Debug|Any CPU
		{BD29CE28-9463-4998-947A-3295F50D5F1B}.Release|Any CPU.ActiveCfg = Release|Any CPU
		{BD29CE28-9463-4998-947A-3295F50D5F1B}.Release|Any CPU.Build.0 = Release|Any CPU
		{BD29CE28-9463-4998-947A-3295F50D5F1B}.Release|x64.ActiveCfg = Release|Any CPU
		{BD29CE28-9463-4998-947A-3295F50D5F1B}.Release|x64.Build.0 = Release|Any CPU
		{BD29CE28-9463-4998-947A-3295F50D5F1B}.Release|x86.ActiveCfg = Release|Any CPU
		{BD29CE28-9463-4998-947A-3295F50D5F1B}.Release|x86.Build.0 = Release|Any CPU
		{21FFA723-C977-4000-8BD4-CC3B0D7B14F7}.Debug|Any CPU.ActiveCfg = Debug|Any CPU
		{21FFA723-C977-4000-8BD4-CC3B0D7B14F7}.Debug|Any CPU.Build.0 = Debug|Any CPU
		{21FFA723-C977-4000-8BD4-CC3B0D7B14F7}.Debug|x64.ActiveCfg = Debug|Any CPU
		{21FFA723-C977-4000-8BD4-CC3B0D7B14F7}.Debug|x64.Build.0 = Debug|Any CPU
		{21FFA723-C977-4000-8BD4-CC3B0D7B14F7}.Debug|x86.ActiveCfg = Debug|Any CPU
		{21FFA723-C977-4000-8BD4-CC3B0D7B14F7}.Debug|x86.Build.0 = Debug|Any CPU
		{21FFA723-C977-4000-8BD4-CC3B0D7B14F7}.Release|Any CPU.ActiveCfg = Release|Any CPU
		{21FFA723-C977-4000-8BD4-CC3B0D7B14F7}.Release|Any CPU.Build.0 = Release|Any CPU
		{21FFA723-C977-4000-8BD4-CC3B0D7B14F7}.Release|x64.ActiveCfg = Release|Any CPU
		{21FFA723-C977-4000-8BD4-CC3B0D7B14F7}.Release|x64.Build.0 = Release|Any CPU
		{21FFA723-C977-4000-8BD4-CC3B0D7B14F7}.Release|x86.ActiveCfg = Release|Any CPU
		{21FFA723-C977-4000-8BD4-CC3B0D7B14F7}.Release|x86.Build.0 = Release|Any CPU
		{23AB8869-EA0C-4B50-9F2B-14A48A84D56E}.Debug|Any CPU.ActiveCfg = Debug|Any CPU
		{23AB8869-EA0C-4B50-9F2B-14A48A84D56E}.Debug|Any CPU.Build.0 = Debug|Any CPU
		{23AB8869-EA0C-4B50-9F2B-14A48A84D56E}.Debug|x64.ActiveCfg = Debug|Any CPU
		{23AB8869-EA0C-4B50-9F2B-14A48A84D56E}.Debug|x64.Build.0 = Debug|Any CPU
		{23AB8869-EA0C-4B50-9F2B-14A48A84D56E}.Debug|x86.ActiveCfg = Debug|Any CPU
		{23AB8869-EA0C-4B50-9F2B-14A48A84D56E}.Debug|x86.Build.0 = Debug|Any CPU
		{23AB8869-EA0C-4B50-9F2B-14A48A84D56E}.Release|Any CPU.ActiveCfg = Release|Any CPU
		{23AB8869-EA0C-4B50-9F2B-14A48A84D56E}.Release|Any CPU.Build.0 = Release|Any CPU
		{23AB8869-EA0C-4B50-9F2B-14A48A84D56E}.Release|x64.ActiveCfg = Release|Any CPU
		{23AB8869-EA0C-4B50-9F2B-14A48A84D56E}.Release|x64.Build.0 = Release|Any CPU
		{23AB8869-EA0C-4B50-9F2B-14A48A84D56E}.Release|x86.ActiveCfg = Release|Any CPU
		{23AB8869-EA0C-4B50-9F2B-14A48A84D56E}.Release|x86.Build.0 = Release|Any CPU
		{E472D1C9-453A-4FFD-A6C7-FDA6E49DC81A}.Debug|Any CPU.ActiveCfg = Debug|Any CPU
		{E472D1C9-453A-4FFD-A6C7-FDA6E49DC81A}.Debug|Any CPU.Build.0 = Debug|Any CPU
		{E472D1C9-453A-4FFD-A6C7-FDA6E49DC81A}.Debug|x64.ActiveCfg = Debug|Any CPU
		{E472D1C9-453A-4FFD-A6C7-FDA6E49DC81A}.Debug|x64.Build.0 = Debug|Any CPU
		{E472D1C9-453A-4FFD-A6C7-FDA6E49DC81A}.Debug|x86.ActiveCfg = Debug|Any CPU
		{E472D1C9-453A-4FFD-A6C7-FDA6E49DC81A}.Debug|x86.Build.0 = Debug|Any CPU
		{E472D1C9-453A-4FFD-A6C7-FDA6E49DC81A}.Release|Any CPU.ActiveCfg = Release|Any CPU
		{E472D1C9-453A-4FFD-A6C7-FDA6E49DC81A}.Release|Any CPU.Build.0 = Release|Any CPU
		{E472D1C9-453A-4FFD-A6C7-FDA6E49DC81A}.Release|x64.ActiveCfg = Release|Any CPU
		{E472D1C9-453A-4FFD-A6C7-FDA6E49DC81A}.Release|x64.Build.0 = Release|Any CPU
		{E472D1C9-453A-4FFD-A6C7-FDA6E49DC81A}.Release|x86.ActiveCfg = Release|Any CPU
		{E472D1C9-453A-4FFD-A6C7-FDA6E49DC81A}.Release|x86.Build.0 = Release|Any CPU
	EndGlobalSection
EndGlobal
